
Microsoft Visual Studio Solution File, Format Version 12.00
# Visual Studio 15
VisualStudioVersion = 15.0.27130.2010
MinimumVisualStudioVersion = 10.0.40219.1
Project("{FAE04EC0-301F-11D3-BF4B-00C04F79EFBC}") = "TestJson_", "TestJson_\TestJson_.csproj", "{3C8E1A7F-BB3B-487D-9776-652E58C95880}"
EndProject
Project("{FAE04EC0-301F-11D3-BF4B-00C04F79EFBC}") = "ParseTests", "ParseTests\ParseTests.csproj", "{669A53CB-1B33-40F1-BC00-DAD5AC0778A1}"
EndProject
Global
	GlobalSection(SolutionConfigurationPlatforms) = preSolution
		Debug|Any CPU = Debug|Any CPU
		Release|Any CPU = Release|Any CPU
	EndGlobalSection
	GlobalSection(ProjectConfigurationPlatforms) = postSolution
		{3C8E1A7F-BB3B-487D-9776-652E58C95880}.Debug|Any CPU.ActiveCfg = Debug|Any CPU
		{3C8E1A7F-BB3B-487D-9776-652E58C95880}.Debug|Any CPU.Build.0 = Debug|Any CPU
		{3C8E1A7F-BB3B-487D-9776-652E58C95880}.Release|Any CPU.ActiveCfg = Release|Any CPU
		{3C8E1A7F-BB3B-487D-9776-652E58C95880}.Release|Any CPU.Build.0 = Release|Any CPU
		{669A53CB-1B33-40F1-BC00-DAD5AC0778A1}.Debug|Any CPU.ActiveCfg = Debug|Any CPU
		{669A53CB-1B33-40F1-BC00-DAD5AC0778A1}.Debug|Any CPU.Build.0 = Debug|Any CPU
		{669A53CB-1B33-40F1-BC00-DAD5AC0778A1}.Release|Any CPU.ActiveCfg = Release|Any CPU
		{669A53CB-1B33-40F1-BC00-DAD5AC0778A1}.Release|Any CPU.Build.0 = Release|Any CPU
	EndGlobalSection
	GlobalSection(SolutionProperties) = preSolution
		HideSolutionNode = FALSE
	EndGlobalSection
	GlobalSection(ExtensibilityGlobals) = postSolution
		SolutionGuid = {EDF7FF8C-26FB-435B-B0EB-FC767C6064E4}
	EndGlobalSection
EndGlobal
